
Microsoft Visual Studio Solution File, Format Version 12.00
# Visual Studio Version 17
VisualStudioVersion = 17.13.35828.75 d17.13
MinimumVisualStudioVersion = 10.0.40219.1
Project("{FAE04EC0-301F-11D3-BF4B-00C04F79EFBC}") = "laba5", "laba5.csproj", "{BEE49093-F487-432F-B08A-EB01B2C51F9E}"
EndProject
Global
	GlobalSection(SolutionConfigurationPlatforms) = preSolution
		Debug|Any CPU = Debug|Any CPU
		Release|Any CPU = Release|Any CPU
	EndGlobalSection
	GlobalSection(ProjectConfigurationPlatforms) = postSolution
		{BEE49093-F487-432F-B08A-EB01B2C51F9E}.Debug|Any CPU.ActiveCfg = Debug|Any CPU
		{BEE49093-F487-432F-B08A-EB01B2C51F9E}.Debug|Any CPU.Build.0 = Debug|Any CPU
		{BEE49093-F487-432F-B08A-EB01B2C51F9E}.Release|Any CPU.ActiveCfg = Release|Any CPU
		{BEE49093-F487-432F-B08A-EB01B2C51F9E}.Release|Any CPU.Build.0 = Release|Any CPU
	EndGlobalSection
	GlobalSection(SolutionProperties) = preSolution
		HideSolutionNode = FALSE
	EndGlobalSection
	GlobalSection(ExtensibilityGlobals) = postSolution
		SolutionGuid = {8B4B7EAB-2F78-44C4-9A32-F43924837DBC}
	EndGlobalSection
EndGlobal
